// !$*UTF8*$!
{
	archiveVersion = 1;
	classes = {
	};
	objectVersion = 56;
	objects = {

/* Begin PBXBuildFile section */
		57A48B082BE7E81C000529BF /* AppDelegate.swift in Sources */ = {isa = PBXBuildFile; fileRef = 57A48B072BE7E81C000529BF /* AppDelegate.swift */; };
		57A48B0A2BE7E81C000529BF /* SceneDelegate.swift in Sources */ = {isa = PBXBuildFile; fileRef = 57A48B092BE7E81C000529BF /* SceneDelegate.swift */; };
		57A48B0C2BE7E81C000529BF /* ViewController.swift in Sources */ = {isa = PBXBuildFile; fileRef = 57A48B0B2BE7E81C000529BF /* ViewController.swift */; };
		57A48B0F2BE7E81C000529BF /* Base in Resources */ = {isa = PBXBuildFile; fileRef = 57A48B0E2BE7E81C000529BF /* Base */; };
		57A48B112BE7E81F000529BF /* Assets.xcassets in Resources */ = {isa = PBXBuildFile; fileRef = 57A48B102BE7E81F000529BF /* Assets.xcassets */; };
		57A48B142BE7E81F000529BF /* Base in Resources */ = {isa = PBXBuildFile; fileRef = 57A48B132BE7E81F000529BF /* Base */; };
		57A48B1C2BE7EAC8000529BF /* SecondViewController.swift in Sources */ = {isa = PBXBuildFile; fileRef = 57A48B1B2BE7EAC8000529BF /* SecondViewController.swift */; };
		57A48B1E2BE93E2B000529BF /* ThirdViewController.swift in Sources */ = {isa = PBXBuildFile; fileRef = 57A48B1D2BE93E2B000529BF /* ThirdViewController.swift */; };
		57A48B202BE93E4A000529BF /* FourthViewController.swift in Sources */ = {isa = PBXBuildFile; fileRef = 57A48B1F2BE93E4A000529BF /* FourthViewController.swift */; };
		57A48B222BE93E65000529BF /* FifthViewController.swift in Sources */ = {isa = PBXBuildFile; fileRef = 57A48B212BE93E65000529BF /* FifthViewController.swift */; };
/* End PBXBuildFile section */

/* Begin PBXFileReference section */
		57A48B042BE7E81C000529BF /* Passing Data.app */ = {isa = PBXFileReference; explicitFileType = wrapper.application; includeInIndex = 0; path = "Passing Data.app"; sourceTree = BUILT_PRODUCTS_DIR; };
		57A48B072BE7E81C000529BF /* AppDelegate.swift */ = {isa = PBXFileReference; lastKnownFileType = sourcecode.swift; path = AppDelegate.swift; sourceTree = "<group>"; };
		57A48B092BE7E81C000529BF /* SceneDelegate.swift */ = {isa = PBXFileReference; lastKnownFileType = sourcecode.swift; path = SceneDelegate.swift; sourceTree = "<group>"; };
		57A48B0B2BE7E81C000529BF /* ViewController.swift */ = {isa = PBXFileReference; lastKnownFileType = sourcecode.swift; path = ViewController.swift; sourceTree = "<group>"; };
		57A48B0E2BE7E81C000529BF /* Base */ = {isa = PBXFileReference; lastKnownFileType = file.storyboard; name = Base; path = Base.lproj/Main.storyboard; sourceTree = "<group>"; };
		57A48B102BE7E81F000529BF /* Assets.xcassets */ = {isa = PBXFileReference; lastKnownFileType = folder.assetcatalog; path = Assets.xcassets; sourceTree = "<group>"; };
		57A48B132BE7E81F000529BF /* Base */ = {isa = PBXFileReference; lastKnownFileType = file.storyboard; name = Base; path = Base.lproj/LaunchScreen.storyboard; sourceTree = "<group>"; };
		57A48B152BE7E81F000529BF /* Info.plist */ = {isa = PBXFileReference; lastKnownFileType = text.plist.xml; path = Info.plist; sourceTree = "<group>"; };
		57A48B1B2BE7EAC8000529BF /* SecondViewController.swift */ = {isa = PBXFileReference; lastKnownFileType = sourcecode.swift; path = SecondViewController.swift; sourceTree = "<group>"; };
		57A48B1D2BE93E2B000529BF /* ThirdViewController.swift */ = {isa = PBXFileReference; lastKnownFileType = sourcecode.swift; path = ThirdViewController.swift; sourceTree = "<group>"; };
		57A48B1F2BE93E4A000529BF /* FourthViewController.swift */ = {isa = PBXFileReference; lastKnownFileType = sourcecode.swift; path = FourthViewController.swift; sourceTree = "<group>"; };
		57A48B212BE93E65000529BF /* FifthViewController.swift */ = {isa = PBXFileReference; lastKnownFileType = sourcecode.swift; path = FifthViewController.swift; sourceTree = "<group>"; };
/* End PBXFileReference section */

/* Begin PBXFrameworksBuildPhase section */
		57A48B012BE7E81C000529BF /* Frameworks */ = {
			isa = PBXFrameworksBuildPhase;
			buildActionMask = 2147483647;
			files = (
			);
			runOnlyForDeploymentPostprocessing = 0;
		};
/* End PBXFrameworksBuildPhase section */

/* Begin PBXGroup section */
		57A48AFB2BE7E81C000529BF = {
			isa = PBXGroup;
			children = (
				57A48B062BE7E81C000529BF /* Passing Data */,
				57A48B052BE7E81C000529BF /* Products */,
			);
			sourceTree = "<group>";
		};
		57A48B052BE7E81C000529BF /* Products */ = {
			isa = PBXGroup;
			children = (
				57A48B042BE7E81C000529BF /* Passing Data.app */,
			);
			name = Products;
			sourceTree = "<group>";
		};
		57A48B062BE7E81C000529BF /* Passing Data */ = {
			isa = PBXGroup;
			children = (
				57A48B072BE7E81C000529BF /* AppDelegate.swift */,
				57A48B092BE7E81C000529BF /* SceneDelegate.swift */,
				57A48B0B2BE7E81C000529BF /* ViewController.swift */,
				57A48B1B2BE7EAC8000529BF /* SecondViewController.swift */,
				57A48B0D2BE7E81C000529BF /* Main.storyboard */,
				57A48B102BE7E81F000529BF /* Assets.xcassets */,
				57A48B122BE7E81F000529BF /* LaunchScreen.storyboard */,
				57A48B152BE7E81F000529BF /* Info.plist */,
				57A48B1D2BE93E2B000529BF /* ThirdViewController.swift */,
				57A48B1F2BE93E4A000529BF /* FourthViewController.swift */,
				57A48B212BE93E65000529BF /* FifthViewController.swift */,
			);
			path = "Passing Data";
			sourceTree = "<group>";
		};
/* End PBXGroup section */

/* Begin PBXNativeTarget section */
		57A48B032BE7E81C000529BF /* Passing Data */ = {
			isa = PBXNativeTarget;
			buildConfigurationList = 57A48B182BE7E81F000529BF /* Build configuration list for PBXNativeTarget "Passing Data" */;
			buildPhases = (
				57A48B002BE7E81C000529BF /* Sources */,
				57A48B012BE7E81C000529BF /* Frameworks */,
				57A48B022BE7E81C000529BF /* Resources */,
			);
			buildRules = (
			);
			dependencies = (
			);
			name = "Passing Data";
			productName = "Passing Data";
			productReference = 57A48B042BE7E81C000529BF /* Passing Data.app */;
			productType = "com.apple.product-type.application";
		};
/* End PBXNativeTarget section */

/* Begin PBXProject section */
		57A48AFC2BE7E81C000529BF /* Project object */ = {
			isa = PBXProject;
			attributes = {
				BuildIndependentTargetsInParallel = 1;
				LastSwiftUpdateCheck = 1530;
				LastUpgradeCheck = 1530;
				TargetAttributes = {
					57A48B032BE7E81C000529BF = {
						CreatedOnToolsVersion = 15.3;
					};
				};
			};
			buildConfigurationList = 57A48AFF2BE7E81C000529BF /* Build configuration list for PBXProject "Passing Data" */;
			compatibilityVersion = "Xcode 14.0";
			developmentRegion = en;
			hasScannedForEncodings = 0;
			knownRegions = (
				en,
				Base,
			);
			mainGroup = 57A48AFB2BE7E81C000529BF;
			productRefGroup = 57A48B052BE7E81C000529BF /* Products */;
			projectDirPath = "";
			projectRoot = "";
			targets = (
				57A48B032BE7E81C000529BF /* Passing Data */,
			);
		};
/* End PBXProject section */

/* Begin PBXResourcesBuildPhase section */
		57A48B022BE7E81C000529BF /* Resources */ = {
			isa = PBXResourcesBuildPhase;
			buildActionMask = 2147483647;
			files = (
				57A48B112BE7E81F000529BF /* Assets.xcassets in Resources */,
				57A48B142BE7E81F000529BF /* Base in Resources */,
				57A48B0F2BE7E81C000529BF /* Base in Resources */,
			);
			runOnlyForDeploymentPostprocessing = 0;
		};
/* End PBXResourcesBuildPhase section */

/* Begin PBXSourcesBuildPhase section */
		57A48B002BE7E81C000529BF /* Sources */ = {
			isa = PBXSourcesBuildPhase;
			buildActionMask = 2147483647;
			files = (
				57A48B202BE93E4A000529BF /* FourthViewController.swift in Sources */,
				57A48B1C2BE7EAC8000529BF /* SecondViewController.swift in Sources */,
				57A48B0C2BE7E81C000529BF /* ViewController.swift in Sources */,
				57A48B1E2BE93E2B000529BF /* ThirdViewController.swift in Sources */,
				57A48B082BE7E81C000529BF /* AppDelegate.swift in Sources */,
				57A48B0A2BE7E81C000529BF /* SceneDelegate.swift in Sources */,
				57A48B222BE93E65000529BF /* FifthViewController.swift in Sources */,
			);
			runOnlyForDeploymentPostprocessing = 0;
		};
/* End PBXSourcesBuildPhase section */

/* Begin PBXVariantGroup section */
		57A48B0D2BE7E81C000529BF /* Main.storyboard */ = {
			isa = PBXVariantGroup;
			children = (
				57A48B0E2BE7E81C000529BF /* Base */,
			);
			name = Main.storyboard;
			sourceTree = "<group>";
		};
		57A48B122BE7E81F000529BF /* LaunchScreen.storyboard */ = {
			isa = PBXVariantGroup;
			children = (
				57A48B132BE7E81F000529BF /* Base */,
			);
			name = LaunchScreen.storyboard;
			sourceTree = "<group>";
		};
/* End PBXVariantGroup section */

/* Begin XCBuildConfiguration section */
		57A48B162BE7E81F000529BF /* Debug */ = {
			isa = XCBuildConfiguration;
			buildSettings = {
				ALWAYS_SEARCH_USER_PATHS = NO;
				ASSETCATALOG_COMPILER_GENERATE_SWIFT_ASSET_SYMBOL_EXTENSIONS = YES;
				CLANG_ANALYZER_NONNULL = YES;
				CLANG_ANALYZER_NUMBER_OBJECT_CONVERSION = YES_AGGRESSIVE;
				CLANG_CXX_LANGUAGE_STANDARD = "gnu++20";
				CLANG_ENABLE_MODULES = YES;
				CLANG_ENABLE_OBJC_ARC = YES;
				CLANG_ENABLE_OBJC_WEAK = YES;
				CLANG_WARN_BLOCK_CAPTURE_AUTORELEASING = YES;
				CLANG_WARN_BOOL_CONVERSION = YES;
				CLANG_WARN_COMMA = YES;
				CLANG_WARN_CONSTANT_CONVERSION = YES;
				CLANG_WARN_DEPRECATED_OBJC_IMPLEMENTATIONS = YES;
				CLANG_WARN_DIRECT_OBJC_ISA_USAGE = YES_ERROR;
				CLANG_WARN_DOCUMENTATION_COMMENTS = YES;
				CLANG_WARN_EMPTY_BODY = YES;
				CLANG_WARN_ENUM_CONVERSION = YES;
				CLANG_WARN_INFINITE_RECURSION = YES;
				CLANG_WARN_INT_CONVERSION = YES;
				CLANG_WARN_NON_LITERAL_NULL_CONVERSION = YES;
				CLANG_WARN_OBJC_IMPLICIT_RETAIN_SELF = YES;
				CLANG_WARN_OBJC_LITERAL_CONVERSION = YES;
				CLANG_WARN_OBJC_ROOT_CLASS = YES_ERROR;
				CLANG_WARN_QUOTED_INCLUDE_IN_FRAMEWORK_HEADER = YES;
				CLANG_WARN_RANGE_LOOP_ANALYSIS = YES;
				CLANG_WARN_STRICT_PROTOTYPES = YES;
				CLANG_WARN_SUSPICIOUS_MOVE = YES;
				CLANG_WARN_UNGUARDED_AVAILABILITY = YES_AGGRESSIVE;
				CLANG_WARN_UNREACHABLE_CODE = YES;
				CLANG_WARN__DUPLICATE_METHOD_MATCH = YES;
				COPY_PHASE_STRIP = NO;
				DEBUG_INFORMATION_FORMAT = dwarf;
				ENABLE_STRICT_OBJC_MSGSEND = YES;
				ENABLE_TESTABILITY = YES;
				ENABLE_USER_SCRIPT_SANDBOXING = YES;
				GCC_C_LANGUAGE_STANDARD = gnu17;
				GCC_DYNAMIC_NO_PIC = NO;
				GCC_NO_COMMON_BLOCKS = YES;
				GCC_OPTIMIZATION_LEVEL = 0;
				GCC_PREPROCESSOR_DEFINITIONS = (
					"DEBUG=1",
					"$(inherited)",
				);
				GCC_WARN_64_TO_32_BIT_CONVERSION = YES;
				GCC_WARN_ABOUT_RETURN_TYPE = YES_ERROR;
				GCC_WARN_UNDECLARED_SELECTOR = YES;
				GCC_WARN_UNINITIALIZED_AUTOS = YES_AGGRESSIVE;
				GCC_WARN_UNUSED_FUNCTION = YES;
				GCC_WARN_UNUSED_VARIABLE = YES;
				IPHONEOS_DEPLOYMENT_TARGET = 17.4;
				LOCALIZATION_PREFERS_STRING_CATALOGS = YES;
				MTL_ENABLE_DEBUG_INFO = INCLUDE_SOURCE;
				MTL_FAST_MATH = YES;
				ONLY_ACTIVE_ARCH = YES;
				SDKROOT = iphoneos;
				SWIFT_ACTIVE_COMPILATION_CONDITIONS = "DEBUG $(inherited)";
				SWIFT_OPTIMIZATION_LEVEL = "-Onone";
			};
			name = Debug;
		};
		57A48B172BE7E81F000529BF /* Release */ = {
			isa = XCBuildConfiguration;
			buildSettings = {
				ALWAYS_SEARCH_USER_PATHS = NO;
				ASSETCATALOG_COMPILER_GENERATE_SWIFT_ASSET_SYMBOL_EXTENSIONS = YES;
				CLANG_ANALYZER_NONNULL = YES;
				CLANG_ANALYZER_NUMBER_OBJECT_CONVERSION = YES_AGGRESSIVE;
				CLANG_CXX_LANGUAGE_STANDARD = "gnu++20";
				CLANG_ENABLE_MODULES = YES;
				CLANG_ENABLE_OBJC_ARC = YES;
				CLANG_ENABLE_OBJC_WEAK = YES;
				CLANG_WARN_BLOCK_CAPTURE_AUTORELEASING = YES;
				CLANG_WARN_BOOL_CONVERSION = YES;
				CLANG_WARN_COMMA = YES;
				CLANG_WARN_CONSTANT_CONVERSION = YES;
				CLANG_WARN_DEPRECATED_OBJC_IMPLEMENTATIONS = YES;
				CLANG_WARN_DIRECT_OBJC_ISA_USAGE = YES_ERROR;
				CLANG_WARN_DOCUMENTATION_COMMENTS = YES;
				CLANG_WARN_EMPTY_BODY = YES;
				CLANG_WARN_ENUM_CONVERSION = YES;
				CLANG_WARN_INFINITE_RECURSION = YES;
				CLANG_WARN_INT_CONVERSION = YES;
				CLANG_WARN_NON_LITERAL_NULL_CONVERSION = YES;
				CLANG_WARN_OBJC_IMPLICIT_RETAIN_SELF = YES;
				CLANG_WARN_OBJC_LITERAL_CONVERSION = YES;
				CLANG_WARN_OBJC_ROOT_CLASS = YES_ERROR;
				CLANG_WARN_QUOTED_INCLUDE_IN_FRAMEWORK_HEADER = YES;
				CLANG_WARN_RANGE_LOOP_ANALYSIS = YES;
				CLANG_WARN_STRICT_PROTOTYPES = YES;
				CLANG_WARN_SUSPICIOUS_MOVE = YES;
				CLANG_WARN_UNGUARDED_AVAILABILITY = YES_AGGRESSIVE;
				CLANG_WARN_UNREACHABLE_CODE = YES;
				CLANG_WARN__DUPLICATE_METHOD_MATCH = YES;
				COPY_PHASE_STRIP = NO;
				DEBUG_INFORMATION_FORMAT = "dwarf-with-dsym";
				ENABLE_NS_ASSERTIONS = NO;
				ENABLE_STRICT_OBJC_MSGSEND = YES;
				ENABLE_USER_SCRIPT_SANDBOXING = YES;
				GCC_C_LANGUAGE_STANDARD = gnu17;
				GCC_NO_COMMON_BLOCKS = YES;
				GCC_WARN_64_TO_32_BIT_CONVERSION = YES;
				GCC_WARN_ABOUT_RETURN_TYPE = YES_ERROR;
				GCC_WARN_UNDECLARED_SELECTOR = YES;
				GCC_WARN_UNINITIALIZED_AUTOS = YES_AGGRESSIVE;
				GCC_WARN_UNUSED_FUNCTION = YES;
				GCC_WARN_UNUSED_VARIABLE = YES;
				IPHONEOS_DEPLOYMENT_TARGET = 17.4;
				LOCALIZATION_PREFERS_STRING_CATALOGS = YES;
				MTL_ENABLE_DEBUG_INFO = NO;
				MTL_FAST_MATH = YES;
				SDKROOT = iphoneos;
				SWIFT_COMPILATION_MODE = wholemodule;
				VALIDATE_PRODUCT = YES;
			};
			name = Release;
		};
		57A48B192BE7E81F000529BF /* Debug */ = {
			isa = XCBuildConfiguration;
			buildSettings = {
				ASSETCATALOG_COMPILER_APPICON_NAME = AppIcon;
				ASSETCATALOG_COMPILER_GLOBAL_ACCENT_COLOR_NAME = AccentColor;
				CODE_SIGN_STYLE = Automatic;
				CURRENT_PROJECT_VERSION = 1;
				DEVELOPMENT_TEAM = 5FZ8ZXZS35;
				GENERATE_INFOPLIST_FILE = YES;
				INFOPLIST_FILE = "Passing Data/Info.plist";
				INFOPLIST_KEY_UIApplicationSupportsIndirectInputEvents = YES;
				INFOPLIST_KEY_UILaunchStoryboardName = LaunchScreen;
				INFOPLIST_KEY_UIMainStoryboardFile = Main;
				INFOPLIST_KEY_UISupportedInterfaceOrientations = UIInterfaceOrientationPortrait;
				LD_RUNPATH_SEARCH_PATHS = (
					"$(inherited)",
					"@executable_path/Frameworks",
				);
				MARKETING_VERSION = 1.0;
				PRODUCT_BUNDLE_IDENTIFIER = "TLiLiOS.HAMDI.Passing-Data";
				PRODUCT_NAME = "$(TARGET_NAME)";
				SWIFT_EMIT_LOC_STRINGS = YES;
				SWIFT_VERSION = 5.0;
				TARGETED_DEVICE_FAMILY = "1,2";
			};
			name = Debug;
		};
		57A48B1A2BE7E81F000529BF /* Release */ = {
			isa = XCBuildConfiguration;
			buildSettings = {
				ASSETCATALOG_COMPILER_APPICON_NAME = AppIcon;
				ASSETCATALOG_COMPILER_GLOBAL_ACCENT_COLOR_NAME = AccentColor;
				CODE_SIGN_STYLE = Automatic;
				CURRENT_PROJECT_VERSION = 1;
				DEVELOPMENT_TEAM = 5FZ8ZXZS35;
				GENERATE_INFOPLIST_FILE = YES;
				INFOPLIST_FILE = "Passing Data/Info.plist";
				INFOPLIST_KEY_UIApplicationSupportsIndirectInputEvents = YES;
				INFOPLIST_KEY_UILaunchStoryboardName = LaunchScreen;
				INFOPLIST_KEY_UIMainStoryboardFile = Main;
				INFOPLIST_KEY_UISupportedInterfaceOrientations = UIInterfaceOrientationPortrait;
				LD_RUNPATH_SEARCH_PATHS = (
					"$(inherited)",
					"@executable_path/Frameworks",
				);
				MARKETING_VERSION = 1.0;
				PRODUCT_BUNDLE_IDENTIFIER = "TLiLiOS.HAMDI.Passing-Data";
				PRODUCT_NAME = "$(TARGET_NAME)";
				SWIFT_EMIT_LOC_STRINGS = YES;
				SWIFT_VERSION = 5.0;
				TARGETED_DEVICE_FAMILY = "1,2";
			};
			name = Release;
		};
/* End XCBuildConfiguration section */

/* Begin XCConfigurationList section */
		57A48AFF2BE7E81C000529BF /* Build configuration list for PBXProject "Passing Data" */ = {
			isa = XCConfigurationList;
			buildConfigurations = (
				57A48B162BE7E81F000529BF /* Debug */,
				57A48B172BE7E81F000529BF /* Release */,
			);
			defaultConfigurationIsVisible = 0;
			defaultConfigurationName = Release;
		};
		57A48B182BE7E81F000529BF /* Build configuration list for PBXNativeTarget "Passing Data" */ = {
			isa = XCConfigurationList;
			buildConfigurations = (
				57A48B192BE7E81F000529BF /* Debug */,
				57A48B1A2BE7E81F000529BF /* Release */,
			);
			defaultConfigurationIsVisible = 0;
			defaultConfigurationName = Release;
		};
/* End XCConfigurationList section */
	};
	rootObject = 57A48AFC2BE7E81C000529BF /* Project object */;
}
